
Microsoft Visual Studio Solution File, Format Version 12.00
# Visual Studio 14
VisualStudioVersion = 14.0.24720.0
MinimumVisualStudioVersion = 10.0.40219.1
Project("{FAE04EC0-301F-11D3-BF4B-00C04F79EFBC}") = "FjeeaRefresher", "FjeeaRefresher\FjeeaRefresher.csproj", "{8C5960C3-3E37-468D-81A3-D018B431527F}"
EndProject
Project("{FAE04EC0-301F-11D3-BF4B-00C04F79EFBC}") = "FjeeaResource", "FjeeaResource\FjeeaResource.csproj", "{FA66C43F-3617-49CE-84E0-40F8A42A49C5}"
EndProject
Global
	GlobalSection(SolutionConfigurationPlatforms) = preSolution
		Debug|Any CPU = Debug|Any CPU
		Release|Any CPU = Release|Any CPU
	EndGlobalSection
	GlobalSection(ProjectConfigurationPlatforms) = postSolution
		{8C5960C3-3E37-468D-81A3-D018B431527F}.Debug|Any CPU.ActiveCfg = Debug|Any CPU
		{8C5960C3-3E37-468D-81A3-D018B431527F}.Debug|Any CPU.Build.0 = Debug|Any CPU
		{8C5960C3-3E37-468D-81A3-D018B431527F}.Release|Any CPU.ActiveCfg = Release|Any CPU
		{8C5960C3-3E37-468D-81A3-D018B431527F}.Release|Any CPU.Build.0 = Release|Any CPU
		{FA66C43F-3617-49CE-84E0-40F8A42A49C5}.Debug|Any CPU.ActiveCfg = Debug|Any CPU
		{FA66C43F-3617-49CE-84E0-40F8A42A49C5}.Debug|Any CPU.Build.0 = Debug|Any CPU
		{FA66C43F-3617-49CE-84E0-40F8A42A49C5}.Release|Any CPU.ActiveCfg = Release|Any CPU
		{FA66C43F-3617-49CE-84E0-40F8A42A49C5}.Release|Any CPU.Build.0 = Release|Any CPU
	EndGlobalSection
	GlobalSection(SolutionProperties) = preSolution
		HideSolutionNode = FALSE
	EndGlobalSection
EndGlobal
